
Microsoft Visual Studio Solution File, Format Version 12.00
# Visual Studio Version 17
VisualStudioVersion = 17.3.32922.545
MinimumVisualStudioVersion = 10.0.40219.1
Project("{8BC9CEB8-8B4A-11D0-8D11-00A0C91BC942}") = "Boids", "Boids.vcxproj", "{61218B6E-7154-4BEB-BD7F-88173977B442}"
EndProject
Global
	GlobalSection(SolutionConfigurationPlatforms) = preSolution
		Debug|x64 = Debug|x64
		Release|x64 = Release|x64
	EndGlobalSection
	GlobalSection(ProjectConfigurationPlatforms) = postSolution
		{61218B6E-7154-4BEB-BD7F-88173977B442}.Debug|x64.ActiveCfg = Debug|x64
		{61218B6E-7154-4BEB-BD7F-88173977B442}.Debug|x64.Build.0 = Debug|x64
		{61218B6E-7154-4BEB-BD7F-88173977B442}.Release|x64.ActiveCfg = Release|x64
		{61218B6E-7154-4BEB-BD7F-88173977B442}.Release|x64.Build.0 = Release|x64
	EndGlobalSection
	GlobalSection(SolutionProperties) = preSolution
		HideSolutionNode = FALSE
	EndGlobalSection
	GlobalSection(ExtensibilityGlobals) = postSolution
		SolutionGuid = {F7DEBD65-7BAE-4AE2-9B31-7545300EADEA}
	EndGlobalSection
EndGlobal
